<?xml version="1.0" encoding="utf-8"?>
<Project ToolsVersion="4.0" xmlns="http://schemas.microsoft.com/developer/msbuild/2003">
  <ItemGroup>
    <Filter Include="Source Files">
      <UniqueIdentifier>{4FC737F1-C7A5-4376-A066-2A32D752A2FF}</UniqueIdentifier>
      <Extensions>cpp;c;cc;cxx;def;odl;idl;hpj;bat;asm;asmx</Extensions>
    </Filter>
    <Filter Include="Header Files">
      <UniqueIdentifier>{93995380-89BD-4b04-88EB-625FBE52EBFB}</UniqueIdentifier>
      <Extensions>h;hh;hpp;hxx;hm;inl;inc;ipp;xsd</Extensions>
    </Filter>
    <Filter Include="Resource Files">
      <UniqueIdentifier>{67DA6AB6-F800-4c08-8B7A-83BB121AAD01}</UniqueIdentifier>
      <Extensions>rc;ico;cur;bmp;dlg;rc2;rct;bin;rgs;gif;jpg;jpeg;jpe;resx;tiff;tif;png;wav;mfcribbon-ms</Extensions>
    </Filter>
    <Filter Include="Resource Files\Assets">
      <UniqueIdentifier>{ee8182cd-6764-4788-91ed-ce2c96bfd2a8}</UniqueIdentifier>
    </Filter>
    <Filter Include="Resource Files\Data">
      <UniqueIdentifier>{a6a2b5cf-3ae5-43d4-8d24-37031a687102}</UniqueIdentifier>
    </Filter>
  </ItemGroup>
  <ItemGroup>
    <ClInclude Include="AudioManager.h">
      <Filter>Header Files</Filter>
    </ClInclude>
    <ClInclude Include="BGTile.h">
      <Filter>Header Files</Filter>
    </ClInclude>
    <ClInclude Include="Bullet.h">
      <Filter>Header Files</Filter>
    </ClInclude>
    <ClInclude Include="Button.h">
      <Filter>Header Files</Filter>
    </ClInclude>
    <ClInclude Include="Camera.h">
      <Filter>Header Files</Filter>
    </ClInclude>
    <ClInclude Include="FSM.h">
      <Filter>Header Files</Filter>
    </ClInclude>
    <ClInclude Include="Game.h">
      <Filter>Header Files</Filter>
    </ClInclude>
    <ClInclude Include="GameObject.h">
      <Filter>Header Files</Filter>
    </ClInclude>
    <ClInclude Include="Hazard.h">
      <Filter>Header Files</Filter>
    </ClInclude>
    <ClInclude Include="LabelText.h">
      <Filter>Header Files</Filter>
    </ClInclude>
    <ClInclude Include="Object.h">
      <Filter>Header Files</Filter>
    </ClInclude>
    <ClInclude Include="Player.h">
      <Filter>Header Files</Filter>
    </ClInclude>
    <ClInclude Include="Sprite.h">
      <Filter>Header Files</Filter>
    </ClInclude>
    <ClInclude Include="TextureManager.h">
      <Filter>Header Files</Filter>
    </ClInclude>
    <ClInclude Include="Turret.h">
      <Filter>Header Files</Filter>
    </ClInclude>
    <ClInclude Include="Vector2.h">
      <Filter>Header Files</Filter>
    </ClInclude>
    <ClInclude Include="XMLStuff\stdafx.h">
      <Filter>Header Files</Filter>
    </ClInclude>
    <ClInclude Include="XMLStuff\tinyxml2.h">
      <Filter>Header Files</Filter>
    </ClInclude>
    <ClInclude Include="PlayerStats.h">
      <Filter>Header Files</Filter>
    </ClInclude>
  </ItemGroup>
  <ItemGroup>
    <ClCompile Include="AudioManager.cpp">
      <Filter>Source Files</Filter>
    </ClCompile>
    <ClCompile Include="BGTile.cpp">
      <Filter>Source Files</Filter>
    </ClCompile>
    <ClCompile Include="Bullet.cpp">
      <Filter>Source Files</Filter>
    </ClCompile>
    <ClCompile Include="Button.cpp">
      <Filter>Source Files</Filter>
    </ClCompile>
    <ClCompile Include="Camera.cpp">
      <Filter>Source Files</Filter>
    </ClCompile>
    <ClCompile Include="FSM.cpp">
      <Filter>Source Files</Filter>
    </ClCompile>
    <ClCompile Include="Game.cpp">
      <Filter>Source Files</Filter>
    </ClCompile>
    <ClCompile Include="GameObject.cpp">
      <Filter>Source Files</Filter>
    </ClCompile>
    <ClCompile Include="Hazard.cpp">
      <Filter>Source Files</Filter>
    </ClCompile>
    <ClCompile Include="LabelText.cpp">
      <Filter>Source Files</Filter>
    </ClCompile>
    <ClCompile Include="Object.cpp">
      <Filter>Source Files</Filter>
    </ClCompile>
    <ClCompile Include="Player.cpp">
      <Filter>Source Files</Filter>
    </ClCompile>
    <ClCompile Include="Sprite.cpp">
      <Filter>Source Files</Filter>
    </ClCompile>
    <ClCompile Include="TextureManager.cpp">
      <Filter>Source Files</Filter>
    </ClCompile>
    <ClCompile Include="Turret.cpp">
      <Filter>Source Files</Filter>
    </ClCompile>
    <ClCompile Include="Vector2.cpp">
      <Filter>Source Files</Filter>
    </ClCompile>
    <ClCompile Include="XMLStuff\tinyxml2.cpp">
      <Filter>Source Files</Filter>
    </ClCompile>
    <ClCompile Include="Main.cpp">
      <Filter>Source Files</Filter>
    </ClCompile>
    <ClCompile Include="PlayerStats.cpp">
      <Filter>Source Files</Filter>
    </ClCompile>
  </ItemGroup>
  <ItemGroup>
    <Image Include="Assets\Images\EnemyTurrets.png">
      <Filter>Resource Files\Assets</Filter>
    </Image>
    <Image Include="Assets\Images\ExplosionSprites.png">
      <Filter>Resource Files\Assets</Filter>
    </Image>
    <Image Include="Assets\Images\Gravel.png">
      <Filter>Resource Files\Assets</Filter>
    </Image>
    <Image Include="Assets\Images\Instructions.png">
      <Filter>Resource Files\Assets</Filter>
    </Image>
    <Image Include="Assets\Images\Laser.png">
      <Filter>Resource Files\Assets</Filter>
    </Image>
    <Image Include="Assets\Images\Laser2.png">
      <Filter>Resource Files\Assets</Filter>
    </Image>
    <Image Include="Assets\Images\Lava.png">
      <Filter>Resource Files\Assets</Filter>
    </Image>
    <Image Include="Assets\Images\Mine.png">
      <Filter>Resource Files\Assets</Filter>
    </Image>
    <Image Include="Assets\Images\MineSpike.png">
      <Filter>Resource Files\Assets</Filter>
    </Image>
    <Image Include="Assets\Images\Nature.png">
      <Filter>Resource Files\Assets</Filter>
    </Image>
    <Image Include="Assets\Images\Rock.png">
      <Filter>Resource Files\Assets</Filter>
    </Image>
    <Image Include="Assets\Images\Spike.png">
      <Filter>Resource Files\Assets</Filter>
    </Image>
    <Image Include="Assets\Images\Tank.png">
      <Filter>Resource Files\Assets</Filter>
    </Image>
    <Image Include="Assets\Images\TankSprites.png">
      <Filter>Resource Files\Assets</Filter>
    </Image>
    <Image Include="Assets\Images\tile.png">
      <Filter>Resource Files\Assets</Filter>
    </Image>
    <Image Include="Assets\Images\Water.png">
      <Filter>Resource Files\Assets</Filter>
    </Image>
    <Image Include="Assets\Images\BrickWall.png">
      <Filter>Resource Files\Assets</Filter>
    </Image>
    <Image Include="Assets\Images\Buttons.png">
      <Filter>Resource Files\Assets</Filter>
    </Image>
  </ItemGroup>
  <ItemGroup>
    <Text Include="Level.txt">
      <Filter>Resource Files\Data</Filter>
    </Text>
  </ItemGroup>
  <ItemGroup>
    <Xml Include="GameData.xml">
      <Filter>Resource Files\Data</Filter>
    </Xml>
  </ItemGroup>
</Project>